
Microsoft Visual Studio Solution File, Format Version 12.00
# Visual Studio Version 17
VisualStudioVersion = 17.2.32526.322
MinimumVisualStudioVersion = 10.0.40219.1
Project("{FAE04EC0-301F-11D3-BF4B-00C04F79EFBC}") = "PUB_WPF_MVVM", "PUB_WPF_MVVM\PUB_WPF_MVVM.csproj", "{B9069181-41C5-4CB9-ADC1-6FC874500ECB}"
EndProject
Global
	GlobalSection(SolutionConfigurationPlatforms) = preSolution
		Debug|Any CPU = Debug|Any CPU
		Release|Any CPU = Release|Any CPU
	EndGlobalSection
	GlobalSection(ProjectConfigurationPlatforms) = postSolution
		{B9069181-41C5-4CB9-ADC1-6FC874500ECB}.Debug|Any CPU.ActiveCfg = Debug|Any CPU
		{B9069181-41C5-4CB9-ADC1-6FC874500ECB}.Debug|Any CPU.Build.0 = Debug|Any CPU
		{B9069181-41C5-4CB9-ADC1-6FC874500ECB}.Release|Any CPU.ActiveCfg = Release|Any CPU
		{B9069181-41C5-4CB9-ADC1-6FC874500ECB}.Release|Any CPU.Build.0 = Release|Any CPU
	EndGlobalSection
	GlobalSection(SolutionProperties) = preSolution
		HideSolutionNode = FALSE
	EndGlobalSection
	GlobalSection(ExtensibilityGlobals) = postSolution
		SolutionGuid = {65540E50-2763-4A82-AAE6-3C43C7C27358}
	EndGlobalSection
EndGlobal
